{
  "nodes": {
    "a3": {
      "inputs": {
        "flake-compat": [
          "flake-compat"
        ],
        "highwayhash": "highwayhash",
        "nixpkgs": [
          "nixpkgs"
        ],
        "utils": [
          "utils"
        ]
      },
      "locked": {
        "lastModified": 1703548147,
        "narHash": "sha256-280mOhcIw1uyvwQMxu+fiIOs6qZkicOahug7vqgOVx8=",
        "ref": "refs/heads/trunk",
        "rev": "07eb5cdb794008e26e7b56aaa21f67d71e7da72e",
        "revCount": 574,
        "submodules": true,
        "type": "git",
        "url": "https://github.com/3541/liba3.git"
      },
      "original": {
        "submodules": true,
        "type": "git",
        "url": "https://github.com/3541/liba3.git"
      }
    },
    "flake-compat": {
      "flake": false,
      "locked": {
        "lastModified": 1696426674,
        "narHash": "sha256-kvjfFW7WAETZlt09AgDn1MrtKzP7t90Vf7vypd3OL1U=",
        "owner": "edolstra",
        "repo": "flake-compat",
        "rev": "0f9255e01c2351cc7d116c072cb317785dd33b33",
        "type": "github"
      },
      "original": {
        "owner": "edolstra",
        "repo": "flake-compat",
        "type": "github"
      }
    },
    "highwayhash": {
      "flake": false,
      "locked": {
        "lastModified": 1698908547,
        "narHash": "sha256-aCEzhqSC3pMsyeEA8IEe2LQlldnZZPQJ6sefp9JG0Y4=",
        "owner": "google",
        "repo": "highwayhash",
        "rev": "248bf17bebc6eb6c4a64634d2637816094209145",
        "type": "github"
      },
      "original": {
        "owner": "google",
        "repo": "highwayhash",
        "type": "github"
      }
    },
    "nixpkgs": {
      "locked": {
        "lastModified": 1704874635,
        "narHash": "sha256-YWuCrtsty5vVZvu+7BchAxmcYzTMfolSPP5io8+WYCg=",
        "owner": "NixOS",
        "repo": "nixpkgs",
        "rev": "3dc440faeee9e889fe2d1b4d25ad0f430d449356",
        "type": "github"
      },
      "original": {
        "id": "nixpkgs",
        "ref": "nixos-23.11",
        "type": "indirect"
      }
    },
    "nixpkgs-cmake": {
      "locked": {
        "lastModified": 1704744699,
        "narHash": "sha256-eZDxtuzPxWx1t1njdSVCJCHguL1KLjwDKPYxflz4smg=",
        "owner": "gracicot",
        "repo": "nixpkgs",
        "rev": "b5f993557ffeeaf4237ae1b77e7ad6eac951af9f",
        "type": "github"
      },
      "original": {
        "owner": "gracicot",
        "ref": "grc/update-cmake",
        "repo": "nixpkgs",
        "type": "github"
      }
    },
    "nixpkgs-unstable": {
      "locked": {
        "lastModified": 1704722960,
        "narHash": "sha256-mKGJ3sPsT6//s+Knglai5YflJUF2DGj7Ai6Ynopz0kI=",
        "owner": "NixOS",
        "repo": "nixpkgs",
        "rev": "317484b1ead87b9c1b8ac5261a8d2dd748a0492d",
        "type": "github"
      },
      "original": {
        "id": "nixpkgs",
        "ref": "nixos-unstable",
        "type": "indirect"
      }
    },
    "root": {
      "inputs": {
        "a3": "a3",
        "flake-compat": "flake-compat",
        "nixpkgs": "nixpkgs",
        "nixpkgs-cmake": "nixpkgs-cmake",
        "nixpkgs-unstable": "nixpkgs-unstable",
        "utils": "utils"
      }
    },
    "systems": {
      "locked": {
        "lastModified": 1681028828,
        "narHash": "sha256-Vy1rq5AaRuLzOxct8nz4T6wlgyUR7zLU309k9mBC768=",
        "owner": "nix-systems",
        "repo": "default",
        "rev": "da67096a3b9bf56a91d16901293e51ba5b49a27e",
        "type": "github"
      },
      "original": {
        "owner": "nix-systems",
        "repo": "default",
        "type": "github"
      }
    },
    "utils": {
      "inputs": {
        "systems": "systems"
      },
      "locked": {
        "lastModified": 1701680307,
        "narHash": "sha256-kAuep2h5ajznlPMD9rnQyffWG8EM/C73lejGofXvdM8=",
        "owner": "numtide",
        "repo": "flake-utils",
        "rev": "4022d587cbbfd70fe950c1e2083a02621806a725",
        "type": "github"
      },
      "original": {
        "owner": "numtide",
        "repo": "flake-utils",
        "type": "github"
      }
    }
  },
  "root": "root",
  "version": 7
}
